
Microsoft Visual Studio Solution File, Format Version 12.00
# Visual Studio 15
VisualStudioVersion = 15.0.26430.15
MinimumVisualStudioVersion = 10.0.40219.1
Project("{00D1A9C2-B5F0-4AF3-8072-F6C62B433612}") = "recipesdb", "recipesdb\recipesdb.sqlproj", "{84FB2BF0-9E98-434F-BC37-BB57BEFDBF77}"
EndProject
Project("{FAE04EC0-301F-11D3-BF4B-00C04F79EFBC}") = "RecipesWeb", "RecipesWeb\RecipesWeb.csproj", "{60C637DE-1DE7-4424-9BFF-19E5C85DBCF1}"
EndProject
Global
	GlobalSection(SolutionConfigurationPlatforms) = preSolution
		Debug|Any CPU = Debug|Any CPU
		Release|Any CPU = Release|Any CPU
	EndGlobalSection
	GlobalSection(ProjectConfigurationPlatforms) = postSolution
		{84FB2BF0-9E98-434F-BC37-BB57BEFDBF77}.Debug|Any CPU.ActiveCfg = Debug|Any CPU
		{84FB2BF0-9E98-434F-BC37-BB57BEFDBF77}.Debug|Any CPU.Build.0 = Debug|Any CPU
		{84FB2BF0-9E98-434F-BC37-BB57BEFDBF77}.Debug|Any CPU.Deploy.0 = Debug|Any CPU
		{84FB2BF0-9E98-434F-BC37-BB57BEFDBF77}.Release|Any CPU.ActiveCfg = Release|Any CPU
		{84FB2BF0-9E98-434F-BC37-BB57BEFDBF77}.Release|Any CPU.Build.0 = Release|Any CPU
		{84FB2BF0-9E98-434F-BC37-BB57BEFDBF77}.Release|Any CPU.Deploy.0 = Release|Any CPU
		{60C637DE-1DE7-4424-9BFF-19E5C85DBCF1}.Debug|Any CPU.ActiveCfg = Debug|Any CPU
		{60C637DE-1DE7-4424-9BFF-19E5C85DBCF1}.Debug|Any CPU.Build.0 = Debug|Any CPU
		{60C637DE-1DE7-4424-9BFF-19E5C85DBCF1}.Release|Any CPU.ActiveCfg = Release|Any CPU
		{60C637DE-1DE7-4424-9BFF-19E5C85DBCF1}.Release|Any CPU.Build.0 = Release|Any CPU
	EndGlobalSection
	GlobalSection(SolutionProperties) = preSolution
		HideSolutionNode = FALSE
	EndGlobalSection
EndGlobal
